{
  "version": 4,
  "terraform_version": "1.2.8",
  "serial": 10,
  "lineage": "81d988ec-25c0-b26c-2d91-ed2ca24c6b55",
  "outputs": {
    "keyname": {
      "value": "test-key",
      "type": "string"
    }
  },
  "resources": [
    {
      "mode": "managed",
      "type": "aws_key_pair",
      "name": "test_key",
      "provider": "provider[\"registry.terraform.io/hashicorp/aws\"]",
      "instances": [
        {
          "schema_version": 1,
          "attributes": {
            "arn": "arn:aws:ec2:ap-south-1:620449562416:key-pair/test-key",
            "fingerprint": "85:2b:61:5b:59:75:3d:61:12:b4:5d:d7:5d:b4:8f:71",
            "id": "test-key",
            "key_name": "test-key",
            "key_name_prefix": "",
            "key_pair_id": "key-0d0f0cee52b30cba3",
            "key_type": "rsa",
            "public_key": "ssh-rsa AAAAB3NzaC1yc2EAAAADAQABAAABgQClxT4GS05zN/hCM9AmxtFgMEnc7SRc94quMoWA9yr84AJkkbHBoWQTIgbLIUTATr5meUJcxvbVe5tBE3hiYXmxFxc8YCVWipiRapbZsTAmb7nXn0xHHZRA29W8v66yxE73Ag/NDteGftHMxZzQbUv9fSkCwMlXtIBLAkL6D7boYDCubW1OZEyIKf1bEMtjPaOuIwO0UEyh/nDDDqKeVBc/M/MsTa2rov4LcBTJNpTrDCAOhQOQ7kivwVdMrTLfBtWRImzNMtQbp6JjnJrt08YxulveeEcWy10R+uba/ZNO+zIj0grMLWhX0SN645SBf5mJH0+/hO44JrXq3njueILG/nVTw2BYWuPx8gq53M+zeTa0IgX546VEus6y2bAxNoyh3yomcyfxFvnZu+493j+8bge+2yeEshKu/pPDUC+5WbshhAKctKTsXrlDM97oj/+MV/JljDsk+bni4as/udv7qlPriFAoKC9Z6TG7qigJUxPkp3wvB7o/x9snAacD+VM= www@www",
            "tags": {},
            "tags_all": {}
          },
          "sensitive_attributes": [],
          "private": "eyJzY2hlbWFfdmVyc2lvbiI6IjEifQ=="
        }
      ]
    }
  ]
}
